
Microsoft Visual Studio Solution File, Format Version 12.00
# Visual Studio Version 16
VisualStudioVersion = 16.0.31702.278
MinimumVisualStudioVersion = 10.0.40219.1
Project("{FAE04EC0-301F-11D3-BF4B-00C04F79EFBC}") = "DoceriaDocesSonhos", "DoceriaDocesSonhos\DoceriaDocesSonhos.csproj", "{A77D5C3C-8926-416C-A43B-72BBEF6F6BDB}"
EndProject
Global
	GlobalSection(SolutionConfigurationPlatforms) = preSolution
		Debug|Any CPU = Debug|Any CPU
		Release|Any CPU = Release|Any CPU
	EndGlobalSection
	GlobalSection(ProjectConfigurationPlatforms) = postSolution
		{A77D5C3C-8926-416C-A43B-72BBEF6F6BDB}.Debug|Any CPU.ActiveCfg = Debug|Any CPU
		{A77D5C3C-8926-416C-A43B-72BBEF6F6BDB}.Debug|Any CPU.Build.0 = Debug|Any CPU
		{A77D5C3C-8926-416C-A43B-72BBEF6F6BDB}.Release|Any CPU.ActiveCfg = Release|Any CPU
		{A77D5C3C-8926-416C-A43B-72BBEF6F6BDB}.Release|Any CPU.Build.0 = Release|Any CPU
	EndGlobalSection
	GlobalSection(SolutionProperties) = preSolution
		HideSolutionNode = FALSE
	EndGlobalSection
	GlobalSection(ExtensibilityGlobals) = postSolution
		SolutionGuid = {42929F46-C791-46E5-93A7-F4B290E8D012}
	EndGlobalSection
EndGlobal
